<Solution>
  <Configurations>
    <Platform Name="ARM64" />
    <Platform Name="x64" />
    <Platform Name="x86" />
  </Configurations>
  <Project Path="FSPSLibrary/FSPSLibrary.csproj" Id="c439356c-e980-4f51-b5dd-167172406fbf" />
  <Project Path="FSPSWinUI/FSPSWinUI.csproj">
    <Platform Solution="*|ARM64" Project="ARM64" />
    <Platform Solution="*|x64" Project="x64" />
    <Platform Solution="*|x86" Project="x86" />
    <Deploy />
  </Project>
</Solution>
